
Microsoft Visual Studio Solution File, Format Version 9.00
# Visual Studio 2005
Project("{FAE04EC0-301F-11D3-BF4B-00C04F79EFBC}") = "Ch04Ex04", "Ch04Ex04\Ch04Ex04.csproj", "{624C47DD-47B8-4663-9768-2FAA57BABA75}"
EndProject
Global
	GlobalSection(SolutionConfigurationPlatforms) = preSolution
		Debug|Any CPU = Debug|Any CPU
		Release|Any CPU = Release|Any CPU
	EndGlobalSection
	GlobalSection(ProjectConfigurationPlatforms) = postSolution
		{624C47DD-47B8-4663-9768-2FAA57BABA75}.Debug|Any CPU.ActiveCfg = Debug|Any CPU
		{624C47DD-47B8-4663-9768-2FAA57BABA75}.Debug|Any CPU.Build.0 = Debug|Any CPU
		{624C47DD-47B8-4663-9768-2FAA57BABA75}.Release|Any CPU.ActiveCfg = Release|Any CPU
		{624C47DD-47B8-4663-9768-2FAA57BABA75}.Release|Any CPU.Build.0 = Release|Any CPU
	EndGlobalSection
	GlobalSection(SolutionProperties) = preSolution
		HideSolutionNode = FALSE
	EndGlobalSection
EndGlobal
