
Microsoft Visual Studio Solution File, Format Version 10.00
# Visual Studio 2008
Project("{FAE04EC0-301F-11D3-BF4B-00C04F79EFBC}") = "Ch09ClassLib", "Ch09ClassLib\Ch09ClassLib.csproj", "{76571849-4059-4C3A-A0FE-23B1E5F5C91A}"
EndProject
Global
	GlobalSection(SolutionConfigurationPlatforms) = preSolution
		Debug|Any CPU = Debug|Any CPU
		Release|Any CPU = Release|Any CPU
	EndGlobalSection
	GlobalSection(ProjectConfigurationPlatforms) = postSolution
		{76571849-4059-4C3A-A0FE-23B1E5F5C91A}.Debug|Any CPU.ActiveCfg = Debug|Any CPU
		{76571849-4059-4C3A-A0FE-23B1E5F5C91A}.Debug|Any CPU.Build.0 = Debug|Any CPU
		{76571849-4059-4C3A-A0FE-23B1E5F5C91A}.Release|Any CPU.ActiveCfg = Release|Any CPU
		{76571849-4059-4C3A-A0FE-23B1E5F5C91A}.Release|Any CPU.Build.0 = Release|Any CPU
	EndGlobalSection
	GlobalSection(SolutionProperties) = preSolution
		HideSolutionNode = FALSE
	EndGlobalSection
EndGlobal
