
Microsoft Visual Studio Solution File, Format Version 9.00
# Visual Studio 2005
Project("{FAE04EC0-301F-11D3-BF4B-00C04F79EFBC}") = "ConsoleApplication1", "ConsoleApplication1\ConsoleApplication1.csproj", "{01555CB1-F11E-4055-AF47-A00D3774896E}"
EndProject
Global
	GlobalSection(SolutionConfigurationPlatforms) = preSolution
		Debug|Any CPU = Debug|Any CPU
		Release|Any CPU = Release|Any CPU
	EndGlobalSection
	GlobalSection(ProjectConfigurationPlatforms) = postSolution
		{01555CB1-F11E-4055-AF47-A00D3774896E}.Debug|Any CPU.ActiveCfg = Debug|Any CPU
		{01555CB1-F11E-4055-AF47-A00D3774896E}.Debug|Any CPU.Build.0 = Debug|Any CPU
		{01555CB1-F11E-4055-AF47-A00D3774896E}.Release|Any CPU.ActiveCfg = Release|Any CPU
		{01555CB1-F11E-4055-AF47-A00D3774896E}.Release|Any CPU.Build.0 = Release|Any CPU
	EndGlobalSection
	GlobalSection(SolutionProperties) = preSolution
		HideSolutionNode = FALSE
	EndGlobalSection
EndGlobal
