
Microsoft Visual Studio Solution File, Format Version 10.00
# Visual Studio 2008
Project("{FAE04EC0-301F-11D3-BF4B-00C04F79EFBC}") = "Ch08Exo1", "Ch08Exo1\Ch08Exo1.csproj", "{139A62EA-07E1-4F9E-B095-9E9C3A856BA4}"
EndProject
Global
	GlobalSection(SolutionConfigurationPlatforms) = preSolution
		Debug|Any CPU = Debug|Any CPU
		Release|Any CPU = Release|Any CPU
	EndGlobalSection
	GlobalSection(ProjectConfigurationPlatforms) = postSolution
		{139A62EA-07E1-4F9E-B095-9E9C3A856BA4}.Debug|Any CPU.ActiveCfg = Debug|Any CPU
		{139A62EA-07E1-4F9E-B095-9E9C3A856BA4}.Debug|Any CPU.Build.0 = Debug|Any CPU
		{139A62EA-07E1-4F9E-B095-9E9C3A856BA4}.Release|Any CPU.ActiveCfg = Release|Any CPU
		{139A62EA-07E1-4F9E-B095-9E9C3A856BA4}.Release|Any CPU.Build.0 = Release|Any CPU
	EndGlobalSection
	GlobalSection(SolutionProperties) = preSolution
		HideSolutionNode = FALSE
	EndGlobalSection
EndGlobal
