
Microsoft Visual Studio Solution File, Format Version 10.00
# Visual Studio 2008
Project("{FAE04EC0-301F-11D3-BF4B-00C04F79EFBC}") = "Exercise05", "Exercise05\Exercise05.csproj", "{C9438800-D1C4-4375-9D8D-4254CC4EBF25}"
EndProject
Global
	GlobalSection(SolutionConfigurationPlatforms) = preSolution
		Debug|Any CPU = Debug|Any CPU
		Release|Any CPU = Release|Any CPU
	EndGlobalSection
	GlobalSection(ProjectConfigurationPlatforms) = postSolution
		{C9438800-D1C4-4375-9D8D-4254CC4EBF25}.Debug|Any CPU.ActiveCfg = Debug|Any CPU
		{C9438800-D1C4-4375-9D8D-4254CC4EBF25}.Debug|Any CPU.Build.0 = Debug|Any CPU
		{C9438800-D1C4-4375-9D8D-4254CC4EBF25}.Release|Any CPU.ActiveCfg = Release|Any CPU
		{C9438800-D1C4-4375-9D8D-4254CC4EBF25}.Release|Any CPU.Build.0 = Release|Any CPU
	EndGlobalSection
	GlobalSection(SolutionProperties) = preSolution
		HideSolutionNode = FALSE
	EndGlobalSection
EndGlobal
