
Microsoft Visual Studio Solution File, Format Version 10.00
# Visual Studio 2008
Project("{FAE04EC0-301F-11D3-BF4B-00C04F79EFBC}") = "Ch11Ex03", "Ch11Ex03\Ch11Ex03.csproj", "{CCA66518-4277-4412-9E9B-27DEAD7BBC14}"
EndProject
Global
	GlobalSection(SolutionConfigurationPlatforms) = preSolution
		Debug|Any CPU = Debug|Any CPU
		Release|Any CPU = Release|Any CPU
	EndGlobalSection
	GlobalSection(ProjectConfigurationPlatforms) = postSolution
		{CCA66518-4277-4412-9E9B-27DEAD7BBC14}.Debug|Any CPU.ActiveCfg = Debug|Any CPU
		{CCA66518-4277-4412-9E9B-27DEAD7BBC14}.Debug|Any CPU.Build.0 = Debug|Any CPU
		{CCA66518-4277-4412-9E9B-27DEAD7BBC14}.Release|Any CPU.ActiveCfg = Release|Any CPU
		{CCA66518-4277-4412-9E9B-27DEAD7BBC14}.Release|Any CPU.Build.0 = Release|Any CPU
	EndGlobalSection
	GlobalSection(SolutionProperties) = preSolution
		HideSolutionNode = FALSE
	EndGlobalSection
EndGlobal
